# This file is automatically @generated by Cargo.
# It is not intended for manual editing.
version = 4

[[package]]
name = "api-server"
version = "0.1.0"

[[package]]
name = "billing-chain-listener"
version = "0.1.0"

[[package]]
name = "market-data-gateway"
version = "0.1.0"

[[package]]
name = "scheduler"
version = "0.1.0"

[[package]]
name = "shared-auth"
version = "0.1.0"

[[package]]
name = "shared-binance"
version = "0.1.0"

[[package]]
name = "shared-chain"
version = "0.1.0"

[[package]]
name = "shared-config"
version = "0.1.0"

[[package]]
name = "shared-db"
version = "0.1.0"

[[package]]
name = "shared-domain"
version = "0.1.0"

[[package]]
name = "shared-events"
version = "0.1.0"

[[package]]
name = "shared-telemetry"
version = "0.1.0"

[[package]]
name = "trading-engine"
version = "0.1.0"
